
Microsoft Visual Studio Solution File, Format Version 11.00
# Visual Studio 2010
Project("{FAE04EC0-301F-11D3-BF4B-00C04F79EFBC}") = "Common", "Common\Common.csproj", "{904829E3-054C-4CAD-BB8B-A7E2A11F4FEA}"
EndProject
Project("{FAE04EC0-301F-11D3-BF4B-00C04F79EFBC}") = "Common.Tests", "Common.Tests\Common.Tests.csproj", "{6B439283-2F15-4C7A-813E-CFBA08B14927}"
EndProject
Global
	GlobalSection(SolutionConfigurationPlatforms) = preSolution
		Debug|Any CPU = Debug|Any CPU
		Release|Any CPU = Release|Any CPU
	EndGlobalSection
	GlobalSection(ProjectConfigurationPlatforms) = postSolution
		{904829E3-054C-4CAD-BB8B-A7E2A11F4FEA}.Debug|Any CPU.ActiveCfg = Debug|Any CPU
		{904829E3-054C-4CAD-BB8B-A7E2A11F4FEA}.Debug|Any CPU.Build.0 = Debug|Any CPU
		{904829E3-054C-4CAD-BB8B-A7E2A11F4FEA}.Release|Any CPU.ActiveCfg = Release|Any CPU
		{904829E3-054C-4CAD-BB8B-A7E2A11F4FEA}.Release|Any CPU.Build.0 = Release|Any CPU
		{6B439283-2F15-4C7A-813E-CFBA08B14927}.Debug|Any CPU.ActiveCfg = Debug|Any CPU
		{6B439283-2F15-4C7A-813E-CFBA08B14927}.Debug|Any CPU.Build.0 = Debug|Any CPU
		{6B439283-2F15-4C7A-813E-CFBA08B14927}.Release|Any CPU.ActiveCfg = Release|Any CPU
		{6B439283-2F15-4C7A-813E-CFBA08B14927}.Release|Any CPU.Build.0 = Release|Any CPU
	EndGlobalSection
	GlobalSection(SolutionProperties) = preSolution
		HideSolutionNode = FALSE
	EndGlobalSection
EndGlobal
