Microsoft Visual Studio Solution File, Format Version 10.00
# Visual Studio 2008
Project("{FAE04EC0-301F-11D3-BF4B-00C04F79EFBC}") = "umfrage2", "umfrage2.csproj", "{38BDB159-C96D-4DDD-837B-B5F687C95258}"
EndProject
Global
	GlobalSection(SolutionConfigurationPlatforms) = preSolution
		Debug|Any CPU = Debug|Any CPU
		Release|Any CPU = Release|Any CPU
	EndGlobalSection
	GlobalSection(ProjectConfigurationPlatforms) = postSolution
		{38BDB159-C96D-4DDD-837B-B5F687C95258}.Debug|Any CPU.ActiveCfg = Debug|Any CPU
		{38BDB159-C96D-4DDD-837B-B5F687C95258}.Debug|Any CPU.Build.0 = Debug|Any CPU
		{38BDB159-C96D-4DDD-837B-B5F687C95258}.Release|Any CPU.ActiveCfg = Release|Any CPU
		{38BDB159-C96D-4DDD-837B-B5F687C95258}.Release|Any CPU.Build.0 = Release|Any CPU
	EndGlobalSection
	GlobalSection(SolutionProperties) = preSolution
		HideSolutionNode = FALSE
	EndGlobalSection
EndGlobal
