
Microsoft Visual Studio Solution File, Format Version 11.00
# Visual Studio 2010
Project("{FAE04EC0-301F-11D3-BF4B-00C04F79EFBC}") = "EnquireServer", "EnquireServer\EnquireServer.csproj", "{0ED4F60C-B2E0-4913-A20B-1638526C7A58}"
	ProjectSection(ProjectDependencies) = postProject
		{34D512B5-AA7D-43D9-A030-BE2F95CE1C6B} = {34D512B5-AA7D-43D9-A030-BE2F95CE1C6B}
	EndProjectSection
EndProject
Project("{2150E333-8FDC-42A3-9474-1A3956D46DE8}") = "Compucare", "Compucare", "{C5D52B27-1ADF-423D-8C81-5BE1EF1BE2F2}"
EndProject
Project("{FAE04EC0-301F-11D3-BF4B-00C04F79EFBC}") = "Common", "..\Compucare\Frontends\Common\Common.csproj", "{904829E3-054C-4CAD-BB8B-A7E2A11F4FEA}"
EndProject
Project("{2150E333-8FDC-42A3-9474-1A3956D46DE8}") = "Frontends", "Frontends", "{A341BA79-C3F9-492C-9B8B-ABC74B251749}"
EndProject
Project("{2150E333-8FDC-42A3-9474-1A3956D46DE8}") = "Server", "Server", "{E61278D0-A5BD-4984-BF91-537F5DDCE2A0}"
EndProject
Project("{2150E333-8FDC-42A3-9474-1A3956D46DE8}") = "Port", "Port", "{CFB4510E-8B95-4BD5-88A4-2D4AF2FE0080}"
EndProject
Project("{FAE04EC0-301F-11D3-BF4B-00C04F79EFBC}") = "Umfrage2Lib", "Port\um08\Umfrage2Lib.csproj", "{38BDB159-C96D-4DDD-837B-B5F687C95258}"
EndProject
Project("{2150E333-8FDC-42A3-9474-1A3956D46DE8}") = "Studio", "Studio", "{295D2F41-BA38-4240-B7A4-76567897F753}"
EndProject
Project("{FAE04EC0-301F-11D3-BF4B-00C04F79EFBC}") = "EnquireStudio", "EnquireStudio\EnquireStudio.csproj", "{7C985187-5E88-4A11-8BE9-3483088D73BB}"
EndProject
Project("{2150E333-8FDC-42A3-9474-1A3956D46DE8}") = "Common", "Common", "{63635BE3-D982-4B38-B132-5F985E248345}"
EndProject
Project("{FAE04EC0-301F-11D3-BF4B-00C04F79EFBC}") = "UMXAddin3", "Port\UMXAddin3\UMXAddin3.csproj", "{2E7FDAD3-0F16-4B4B-BE92-C27D4B4749D1}"
EndProject
Project("{FAE04EC0-301F-11D3-BF4B-00C04F79EFBC}") = "PersistenceModule", "Common\PersistenceModule\PersistenceModule.csproj", "{DB4DFFEC-5E47-461A-9639-5E1FF46F293A}"
EndProject
Project("{FAE04EC0-301F-11D3-BF4B-00C04F79EFBC}") = "Calculation", "Common\Calculation\Calculation.csproj", "{33284C37-4804-46A7-B9FA-D0801F3F3AF9}"
EndProject
Project("{FAE04EC0-301F-11D3-BF4B-00C04F79EFBC}") = "Calculation.Graphics", "Common\Calculation.Graphics\Calculation.Graphics.csproj", "{B332AC4C-B53D-4D1F-810B-B2C4586B3A5D}"
	ProjectSection(ProjectDependencies) = postProject
		{34D512B5-AA7D-43D9-A030-BE2F95CE1C6B} = {34D512B5-AA7D-43D9-A030-BE2F95CE1C6B}
	EndProjectSection
EndProject
Project("{FAE04EC0-301F-11D3-BF4B-00C04F79EFBC}") = "Calculation.Graphics.Tests", "Common\Calculations.Graphics.Tests\Calculation.Graphics.Tests.csproj", "{78FC7E4D-E454-46DD-A31E-A372B200F4D8}"
EndProject
Project("{2150E333-8FDC-42A3-9474-1A3956D46DE8}") = "Addin", "Addin", "{84683300-AA03-4C31-8D5A-49A0AC6A1E0A}"
EndProject
Project("{FAE04EC0-301F-11D3-BF4B-00C04F79EFBC}") = "EnquireAddin", "AddIn\EnquireAddin\EnquireAddin.csproj", "{CB6AC819-0904-45AE-AB40-8CA397974932}"
EndProject
Project("{2150E333-8FDC-42A3-9474-1A3956D46DE8}") = "Temporary", "Temporary", "{1FA17CAE-009B-41F9-9837-14C136035559}"
EndProject
Project("{FAE04EC0-301F-11D3-BF4B-00C04F79EFBC}") = "Temporary", "Temporary\Temporary\Temporary.csproj", "{E82075F7-4BA4-4B73-A9AA-5ACF80FFCD98}"
EndProject
Project("{FAE04EC0-301F-11D3-BF4B-00C04F79EFBC}") = "Controls.Tests", "Common\Controls.Tests\Controls.Tests.csproj", "{8E48D533-B21A-403E-A73F-295D4342C126}"
EndProject
Project("{FAE04EC0-301F-11D3-BF4B-00C04F79EFBC}") = "Calculation.Texts", "Common\Calculation.Texts\Calculation.Texts.csproj", "{B9626AAF-E920-4E4A-ABD0-0D0C634DBA9B}"
EndProject
Project("{FAE04EC0-301F-11D3-BF4B-00C04F79EFBC}") = "Calculation.Texts.Tests", "Common\Calculation.Texts.Tests\Calculation.Texts.Tests.csproj", "{E210A071-B964-4A52-B8CC-98AD6D4C1C2A}"
EndProject
Project("{FAE04EC0-301F-11D3-BF4B-00C04F79EFBC}") = "Module.WebEnquire", "Common\Module.WebEnquire\Module.WebEnquire.csproj", "{4FB14083-D2FA-4BB7-BF3A-5619E845E604}"
EndProject
Project("{FAE04EC0-301F-11D3-BF4B-00C04F79EFBC}") = "Module.WebEnquire.Tests", "Common\Module.WebEnquire.Tests\Module.WebEnquire.Tests.csproj", "{EF390C43-257A-419D-8F7E-22A0D509AC8D}"
EndProject
Project("{FAE04EC0-301F-11D3-BF4B-00C04F79EFBC}") = "Umfrage2Gui", "Port\Umfrage2Gui\Umfrage2Gui.csproj", "{C0B55670-46A8-4F2E-B3AF-276B3206FBD3}"
EndProject
Project("{FAE04EC0-301F-11D3-BF4B-00C04F79EFBC}") = "Communication", "Common\Communication\Communication.csproj", "{B11C595C-01FE-4714-93F9-4C43E48BCF9A}"
EndProject
Project("{FAE04EC0-301F-11D3-BF4B-00C04F79EFBC}") = "Controls", "Common\Controls\Controls.csproj", "{34D512B5-AA7D-43D9-A030-BE2F95CE1C6B}"
EndProject
Project("{FAE04EC0-301F-11D3-BF4B-00C04F79EFBC}") = "DataModule", "Common\DataModule\DataModule.csproj", "{33CC215E-558C-4A4B-9393-F79C7B59FEBD}"
EndProject
Project("{FAE04EC0-301F-11D3-BF4B-00C04F79EFBC}") = "DataModule.File.Um3", "Common\DataModule.File.Um3\DataModule.File.Um3.csproj", "{22AAE6BA-2C1F-4C3E-9BAA-EB06D50E50F1}"
EndProject
Project("{FAE04EC0-301F-11D3-BF4B-00C04F79EFBC}") = "Calculation.Tests", "Common\Calculation.Tests\Calculation.Tests.csproj", "{68E07790-6630-4211-8DE3-59353C884BBF}"
EndProject
Project("{FAE04EC0-301F-11D3-BF4B-00C04F79EFBC}") = "Umfrage2Lib.Tests", "Port\Umfrage2Lib.Tests\Umfrage2Lib.Tests.csproj", "{13484AD1-C05B-46D1-B5F9-71C7B3B741AA}"
EndProject
Project("{FAE04EC0-301F-11D3-BF4B-00C04F79EFBC}") = "Tools", "Common\Tools\Tools.csproj", "{AB92B616-A587-4046-B567-FF86299033E4}"
EndProject
Project("{54435603-DBB4-11D2-8724-00A0C9A8B90C}") = "UmSetup [Default]", "Setup\UmSetup.vdproj", "{5614188D-4F7F-4C0D-B39B-CB2427135355}"
EndProject
Global
	GlobalSection(SolutionConfigurationPlatforms) = preSolution
		Debug|Any CPU = Debug|Any CPU
		Debug|Mixed Platforms = Debug|Mixed Platforms
		Debug|x86 = Debug|x86
		Release|Any CPU = Release|Any CPU
		Release|Mixed Platforms = Release|Mixed Platforms
		Release|x86 = Release|x86
	EndGlobalSection
	GlobalSection(ProjectConfigurationPlatforms) = postSolution
		{0ED4F60C-B2E0-4913-A20B-1638526C7A58}.Debug|Any CPU.ActiveCfg = Debug|x86
		{0ED4F60C-B2E0-4913-A20B-1638526C7A58}.Debug|Mixed Platforms.ActiveCfg = Debug|x86
		{0ED4F60C-B2E0-4913-A20B-1638526C7A58}.Debug|Mixed Platforms.Build.0 = Debug|x86
		{0ED4F60C-B2E0-4913-A20B-1638526C7A58}.Debug|x86.ActiveCfg = Debug|x86
		{0ED4F60C-B2E0-4913-A20B-1638526C7A58}.Debug|x86.Build.0 = Debug|x86
		{0ED4F60C-B2E0-4913-A20B-1638526C7A58}.Release|Any CPU.ActiveCfg = Release|x86
		{0ED4F60C-B2E0-4913-A20B-1638526C7A58}.Release|Mixed Platforms.ActiveCfg = Release|x86
		{0ED4F60C-B2E0-4913-A20B-1638526C7A58}.Release|Mixed Platforms.Build.0 = Release|x86
		{0ED4F60C-B2E0-4913-A20B-1638526C7A58}.Release|x86.ActiveCfg = Release|x86
		{0ED4F60C-B2E0-4913-A20B-1638526C7A58}.Release|x86.Build.0 = Release|x86
		{904829E3-054C-4CAD-BB8B-A7E2A11F4FEA}.Debug|Any CPU.ActiveCfg = Debug|Any CPU
		{904829E3-054C-4CAD-BB8B-A7E2A11F4FEA}.Debug|Any CPU.Build.0 = Debug|Any CPU
		{904829E3-054C-4CAD-BB8B-A7E2A11F4FEA}.Debug|Mixed Platforms.ActiveCfg = Debug|Any CPU
		{904829E3-054C-4CAD-BB8B-A7E2A11F4FEA}.Debug|Mixed Platforms.Build.0 = Debug|Any CPU
		{904829E3-054C-4CAD-BB8B-A7E2A11F4FEA}.Debug|x86.ActiveCfg = Debug|Any CPU
		{904829E3-054C-4CAD-BB8B-A7E2A11F4FEA}.Debug|x86.Build.0 = Debug|Any CPU
		{904829E3-054C-4CAD-BB8B-A7E2A11F4FEA}.Release|Any CPU.ActiveCfg = Release|Any CPU
		{904829E3-054C-4CAD-BB8B-A7E2A11F4FEA}.Release|Any CPU.Build.0 = Release|Any CPU
		{904829E3-054C-4CAD-BB8B-A7E2A11F4FEA}.Release|Mixed Platforms.ActiveCfg = Release|Any CPU
		{904829E3-054C-4CAD-BB8B-A7E2A11F4FEA}.Release|Mixed Platforms.Build.0 = Release|Any CPU
		{904829E3-054C-4CAD-BB8B-A7E2A11F4FEA}.Release|x86.ActiveCfg = Release|Any CPU
		{38BDB159-C96D-4DDD-837B-B5F687C95258}.Debug|Any CPU.ActiveCfg = Debug|Any CPU
		{38BDB159-C96D-4DDD-837B-B5F687C95258}.Debug|Any CPU.Build.0 = Debug|Any CPU
		{38BDB159-C96D-4DDD-837B-B5F687C95258}.Debug|Mixed Platforms.ActiveCfg = Debug|Any CPU
		{38BDB159-C96D-4DDD-837B-B5F687C95258}.Debug|Mixed Platforms.Build.0 = Debug|Any CPU
		{38BDB159-C96D-4DDD-837B-B5F687C95258}.Debug|x86.ActiveCfg = Debug|Any CPU
		{38BDB159-C96D-4DDD-837B-B5F687C95258}.Debug|x86.Build.0 = Debug|Any CPU
		{38BDB159-C96D-4DDD-837B-B5F687C95258}.Release|Any CPU.ActiveCfg = Release|Any CPU
		{38BDB159-C96D-4DDD-837B-B5F687C95258}.Release|Any CPU.Build.0 = Release|Any CPU
		{38BDB159-C96D-4DDD-837B-B5F687C95258}.Release|Mixed Platforms.ActiveCfg = Release|Any CPU
		{38BDB159-C96D-4DDD-837B-B5F687C95258}.Release|Mixed Platforms.Build.0 = Release|Any CPU
		{38BDB159-C96D-4DDD-837B-B5F687C95258}.Release|x86.ActiveCfg = Release|Any CPU
		{7C985187-5E88-4A11-8BE9-3483088D73BB}.Debug|Any CPU.ActiveCfg = Debug|x86
		{7C985187-5E88-4A11-8BE9-3483088D73BB}.Debug|Mixed Platforms.ActiveCfg = Debug|x86
		{7C985187-5E88-4A11-8BE9-3483088D73BB}.Debug|Mixed Platforms.Build.0 = Debug|x86
		{7C985187-5E88-4A11-8BE9-3483088D73BB}.Debug|x86.ActiveCfg = Debug|x86
		{7C985187-5E88-4A11-8BE9-3483088D73BB}.Debug|x86.Build.0 = Debug|x86
		{7C985187-5E88-4A11-8BE9-3483088D73BB}.Release|Any CPU.ActiveCfg = Release|x86
		{7C985187-5E88-4A11-8BE9-3483088D73BB}.Release|Mixed Platforms.ActiveCfg = Release|x86
		{7C985187-5E88-4A11-8BE9-3483088D73BB}.Release|Mixed Platforms.Build.0 = Release|x86
		{7C985187-5E88-4A11-8BE9-3483088D73BB}.Release|x86.ActiveCfg = Release|x86
		{7C985187-5E88-4A11-8BE9-3483088D73BB}.Release|x86.Build.0 = Release|x86
		{2E7FDAD3-0F16-4B4B-BE92-C27D4B4749D1}.Debug|Any CPU.ActiveCfg = Debug|Any CPU
		{2E7FDAD3-0F16-4B4B-BE92-C27D4B4749D1}.Debug|Any CPU.Build.0 = Debug|Any CPU
		{2E7FDAD3-0F16-4B4B-BE92-C27D4B4749D1}.Debug|Mixed Platforms.ActiveCfg = Debug|Any CPU
		{2E7FDAD3-0F16-4B4B-BE92-C27D4B4749D1}.Debug|Mixed Platforms.Build.0 = Debug|Any CPU
		{2E7FDAD3-0F16-4B4B-BE92-C27D4B4749D1}.Debug|x86.ActiveCfg = Debug|Any CPU
		{2E7FDAD3-0F16-4B4B-BE92-C27D4B4749D1}.Debug|x86.Build.0 = Debug|Any CPU
		{2E7FDAD3-0F16-4B4B-BE92-C27D4B4749D1}.Release|Any CPU.ActiveCfg = Release|Any CPU
		{2E7FDAD3-0F16-4B4B-BE92-C27D4B4749D1}.Release|Any CPU.Build.0 = Release|Any CPU
		{2E7FDAD3-0F16-4B4B-BE92-C27D4B4749D1}.Release|Mixed Platforms.ActiveCfg = Release|Any CPU
		{2E7FDAD3-0F16-4B4B-BE92-C27D4B4749D1}.Release|Mixed Platforms.Build.0 = Release|Any CPU
		{2E7FDAD3-0F16-4B4B-BE92-C27D4B4749D1}.Release|x86.ActiveCfg = Release|Any CPU
		{DB4DFFEC-5E47-461A-9639-5E1FF46F293A}.Debug|Any CPU.ActiveCfg = Debug|Any CPU
		{DB4DFFEC-5E47-461A-9639-5E1FF46F293A}.Debug|Any CPU.Build.0 = Debug|Any CPU
		{DB4DFFEC-5E47-461A-9639-5E1FF46F293A}.Debug|Mixed Platforms.ActiveCfg = Debug|Any CPU
		{DB4DFFEC-5E47-461A-9639-5E1FF46F293A}.Debug|Mixed Platforms.Build.0 = Debug|Any CPU
		{DB4DFFEC-5E47-461A-9639-5E1FF46F293A}.Debug|x86.ActiveCfg = Debug|Any CPU
		{DB4DFFEC-5E47-461A-9639-5E1FF46F293A}.Debug|x86.Build.0 = Debug|Any CPU
		{DB4DFFEC-5E47-461A-9639-5E1FF46F293A}.Release|Any CPU.ActiveCfg = Release|Any CPU
		{DB4DFFEC-5E47-461A-9639-5E1FF46F293A}.Release|Any CPU.Build.0 = Release|Any CPU
		{DB4DFFEC-5E47-461A-9639-5E1FF46F293A}.Release|Mixed Platforms.ActiveCfg = Release|Any CPU
		{DB4DFFEC-5E47-461A-9639-5E1FF46F293A}.Release|Mixed Platforms.Build.0 = Release|Any CPU
		{DB4DFFEC-5E47-461A-9639-5E1FF46F293A}.Release|x86.ActiveCfg = Release|Any CPU
		{33284C37-4804-46A7-B9FA-D0801F3F3AF9}.Debug|Any CPU.ActiveCfg = Debug|Any CPU
		{33284C37-4804-46A7-B9FA-D0801F3F3AF9}.Debug|Any CPU.Build.0 = Debug|Any CPU
		{33284C37-4804-46A7-B9FA-D0801F3F3AF9}.Debug|Mixed Platforms.ActiveCfg = Debug|Any CPU
		{33284C37-4804-46A7-B9FA-D0801F3F3AF9}.Debug|Mixed Platforms.Build.0 = Debug|Any CPU
		{33284C37-4804-46A7-B9FA-D0801F3F3AF9}.Debug|x86.ActiveCfg = Debug|Any CPU
		{33284C37-4804-46A7-B9FA-D0801F3F3AF9}.Debug|x86.Build.0 = Debug|Any CPU
		{33284C37-4804-46A7-B9FA-D0801F3F3AF9}.Release|Any CPU.ActiveCfg = Release|Any CPU
		{33284C37-4804-46A7-B9FA-D0801F3F3AF9}.Release|Any CPU.Build.0 = Release|Any CPU
		{33284C37-4804-46A7-B9FA-D0801F3F3AF9}.Release|Mixed Platforms.ActiveCfg = Release|Any CPU
		{33284C37-4804-46A7-B9FA-D0801F3F3AF9}.Release|Mixed Platforms.Build.0 = Release|Any CPU
		{33284C37-4804-46A7-B9FA-D0801F3F3AF9}.Release|x86.ActiveCfg = Release|Any CPU
		{B332AC4C-B53D-4D1F-810B-B2C4586B3A5D}.Debug|Any CPU.ActiveCfg = Debug|Any CPU
		{B332AC4C-B53D-4D1F-810B-B2C4586B3A5D}.Debug|Any CPU.Build.0 = Debug|Any CPU
		{B332AC4C-B53D-4D1F-810B-B2C4586B3A5D}.Debug|Mixed Platforms.ActiveCfg = Debug|Any CPU
		{B332AC4C-B53D-4D1F-810B-B2C4586B3A5D}.Debug|Mixed Platforms.Build.0 = Debug|Any CPU
		{B332AC4C-B53D-4D1F-810B-B2C4586B3A5D}.Debug|x86.ActiveCfg = Debug|Any CPU
		{B332AC4C-B53D-4D1F-810B-B2C4586B3A5D}.Debug|x86.Build.0 = Debug|Any CPU
		{B332AC4C-B53D-4D1F-810B-B2C4586B3A5D}.Release|Any CPU.ActiveCfg = Release|Any CPU
		{B332AC4C-B53D-4D1F-810B-B2C4586B3A5D}.Release|Any CPU.Build.0 = Release|Any CPU
		{B332AC4C-B53D-4D1F-810B-B2C4586B3A5D}.Release|Mixed Platforms.ActiveCfg = Release|Any CPU
		{B332AC4C-B53D-4D1F-810B-B2C4586B3A5D}.Release|Mixed Platforms.Build.0 = Release|Any CPU
		{B332AC4C-B53D-4D1F-810B-B2C4586B3A5D}.Release|x86.ActiveCfg = Release|Any CPU
		{78FC7E4D-E454-46DD-A31E-A372B200F4D8}.Debug|Any CPU.ActiveCfg = Debug|Any CPU
		{78FC7E4D-E454-46DD-A31E-A372B200F4D8}.Debug|Any CPU.Build.0 = Debug|Any CPU
		{78FC7E4D-E454-46DD-A31E-A372B200F4D8}.Debug|Mixed Platforms.ActiveCfg = Debug|Any CPU
		{78FC7E4D-E454-46DD-A31E-A372B200F4D8}.Debug|Mixed Platforms.Build.0 = Debug|Any CPU
		{78FC7E4D-E454-46DD-A31E-A372B200F4D8}.Debug|x86.ActiveCfg = Debug|Any CPU
		{78FC7E4D-E454-46DD-A31E-A372B200F4D8}.Debug|x86.Build.0 = Debug|Any CPU
		{78FC7E4D-E454-46DD-A31E-A372B200F4D8}.Release|Any CPU.ActiveCfg = Release|Any CPU
		{78FC7E4D-E454-46DD-A31E-A372B200F4D8}.Release|Any CPU.Build.0 = Release|Any CPU
		{78FC7E4D-E454-46DD-A31E-A372B200F4D8}.Release|Mixed Platforms.ActiveCfg = Release|Any CPU
		{78FC7E4D-E454-46DD-A31E-A372B200F4D8}.Release|Mixed Platforms.Build.0 = Release|Any CPU
		{78FC7E4D-E454-46DD-A31E-A372B200F4D8}.Release|x86.ActiveCfg = Release|Any CPU
		{CB6AC819-0904-45AE-AB40-8CA397974932}.Debug|Any CPU.ActiveCfg = Debug|Any CPU
		{CB6AC819-0904-45AE-AB40-8CA397974932}.Debug|Any CPU.Build.0 = Debug|Any CPU
		{CB6AC819-0904-45AE-AB40-8CA397974932}.Debug|Mixed Platforms.ActiveCfg = Debug|Any CPU
		{CB6AC819-0904-45AE-AB40-8CA397974932}.Debug|Mixed Platforms.Build.0 = Debug|Any CPU
		{CB6AC819-0904-45AE-AB40-8CA397974932}.Debug|x86.ActiveCfg = Debug|Any CPU
		{CB6AC819-0904-45AE-AB40-8CA397974932}.Debug|x86.Build.0 = Debug|Any CPU
		{CB6AC819-0904-45AE-AB40-8CA397974932}.Release|Any CPU.ActiveCfg = Release|Any CPU
		{CB6AC819-0904-45AE-AB40-8CA397974932}.Release|Any CPU.Build.0 = Release|Any CPU
		{CB6AC819-0904-45AE-AB40-8CA397974932}.Release|Mixed Platforms.ActiveCfg = Release|Any CPU
		{CB6AC819-0904-45AE-AB40-8CA397974932}.Release|Mixed Platforms.Build.0 = Release|Any CPU
		{CB6AC819-0904-45AE-AB40-8CA397974932}.Release|x86.ActiveCfg = Release|Any CPU
		{E82075F7-4BA4-4B73-A9AA-5ACF80FFCD98}.Debug|Any CPU.ActiveCfg = Debug|Any CPU
		{E82075F7-4BA4-4B73-A9AA-5ACF80FFCD98}.Debug|Any CPU.Build.0 = Debug|Any CPU
		{E82075F7-4BA4-4B73-A9AA-5ACF80FFCD98}.Debug|Mixed Platforms.ActiveCfg = Debug|Any CPU
		{E82075F7-4BA4-4B73-A9AA-5ACF80FFCD98}.Debug|Mixed Platforms.Build.0 = Debug|Any CPU
		{E82075F7-4BA4-4B73-A9AA-5ACF80FFCD98}.Debug|x86.ActiveCfg = Debug|Any CPU
		{E82075F7-4BA4-4B73-A9AA-5ACF80FFCD98}.Debug|x86.Build.0 = Debug|Any CPU
		{E82075F7-4BA4-4B73-A9AA-5ACF80FFCD98}.Release|Any CPU.ActiveCfg = Release|Any CPU
		{E82075F7-4BA4-4B73-A9AA-5ACF80FFCD98}.Release|Any CPU.Build.0 = Release|Any CPU
		{E82075F7-4BA4-4B73-A9AA-5ACF80FFCD98}.Release|Mixed Platforms.ActiveCfg = Release|Any CPU
		{E82075F7-4BA4-4B73-A9AA-5ACF80FFCD98}.Release|Mixed Platforms.Build.0 = Release|Any CPU
		{E82075F7-4BA4-4B73-A9AA-5ACF80FFCD98}.Release|x86.ActiveCfg = Release|Any CPU
		{8E48D533-B21A-403E-A73F-295D4342C126}.Debug|Any CPU.ActiveCfg = Debug|Any CPU
		{8E48D533-B21A-403E-A73F-295D4342C126}.Debug|Any CPU.Build.0 = Debug|Any CPU
		{8E48D533-B21A-403E-A73F-295D4342C126}.Debug|Mixed Platforms.ActiveCfg = Debug|Any CPU
		{8E48D533-B21A-403E-A73F-295D4342C126}.Debug|Mixed Platforms.Build.0 = Debug|Any CPU
		{8E48D533-B21A-403E-A73F-295D4342C126}.Debug|x86.ActiveCfg = Debug|Any CPU
		{8E48D533-B21A-403E-A73F-295D4342C126}.Debug|x86.Build.0 = Debug|Any CPU
		{8E48D533-B21A-403E-A73F-295D4342C126}.Release|Any CPU.ActiveCfg = Release|Any CPU
		{8E48D533-B21A-403E-A73F-295D4342C126}.Release|Any CPU.Build.0 = Release|Any CPU
		{8E48D533-B21A-403E-A73F-295D4342C126}.Release|Mixed Platforms.ActiveCfg = Release|Any CPU
		{8E48D533-B21A-403E-A73F-295D4342C126}.Release|Mixed Platforms.Build.0 = Release|Any CPU
		{8E48D533-B21A-403E-A73F-295D4342C126}.Release|x86.ActiveCfg = Release|Any CPU
		{B9626AAF-E920-4E4A-ABD0-0D0C634DBA9B}.Debug|Any CPU.ActiveCfg = Debug|Any CPU
		{B9626AAF-E920-4E4A-ABD0-0D0C634DBA9B}.Debug|Any CPU.Build.0 = Debug|Any CPU
		{B9626AAF-E920-4E4A-ABD0-0D0C634DBA9B}.Debug|Mixed Platforms.ActiveCfg = Debug|Any CPU
		{B9626AAF-E920-4E4A-ABD0-0D0C634DBA9B}.Debug|Mixed Platforms.Build.0 = Debug|Any CPU
		{B9626AAF-E920-4E4A-ABD0-0D0C634DBA9B}.Debug|x86.ActiveCfg = Debug|Any CPU
		{B9626AAF-E920-4E4A-ABD0-0D0C634DBA9B}.Debug|x86.Build.0 = Debug|Any CPU
		{B9626AAF-E920-4E4A-ABD0-0D0C634DBA9B}.Release|Any CPU.ActiveCfg = Release|Any CPU
		{B9626AAF-E920-4E4A-ABD0-0D0C634DBA9B}.Release|Any CPU.Build.0 = Release|Any CPU
		{B9626AAF-E920-4E4A-ABD0-0D0C634DBA9B}.Release|Mixed Platforms.ActiveCfg = Release|Any CPU
		{B9626AAF-E920-4E4A-ABD0-0D0C634DBA9B}.Release|Mixed Platforms.Build.0 = Release|Any CPU
		{B9626AAF-E920-4E4A-ABD0-0D0C634DBA9B}.Release|x86.ActiveCfg = Release|Any CPU
		{E210A071-B964-4A52-B8CC-98AD6D4C1C2A}.Debug|Any CPU.ActiveCfg = Debug|Any CPU
		{E210A071-B964-4A52-B8CC-98AD6D4C1C2A}.Debug|Any CPU.Build.0 = Debug|Any CPU
		{E210A071-B964-4A52-B8CC-98AD6D4C1C2A}.Debug|Mixed Platforms.ActiveCfg = Debug|Any CPU
		{E210A071-B964-4A52-B8CC-98AD6D4C1C2A}.Debug|Mixed Platforms.Build.0 = Debug|Any CPU
		{E210A071-B964-4A52-B8CC-98AD6D4C1C2A}.Debug|x86.ActiveCfg = Debug|Any CPU
		{E210A071-B964-4A52-B8CC-98AD6D4C1C2A}.Debug|x86.Build.0 = Debug|Any CPU
		{E210A071-B964-4A52-B8CC-98AD6D4C1C2A}.Release|Any CPU.ActiveCfg = Release|Any CPU
		{E210A071-B964-4A52-B8CC-98AD6D4C1C2A}.Release|Any CPU.Build.0 = Release|Any CPU
		{E210A071-B964-4A52-B8CC-98AD6D4C1C2A}.Release|Mixed Platforms.ActiveCfg = Release|Any CPU
		{E210A071-B964-4A52-B8CC-98AD6D4C1C2A}.Release|Mixed Platforms.Build.0 = Release|Any CPU
		{E210A071-B964-4A52-B8CC-98AD6D4C1C2A}.Release|x86.ActiveCfg = Release|Any CPU
		{4FB14083-D2FA-4BB7-BF3A-5619E845E604}.Debug|Any CPU.ActiveCfg = Debug|Any CPU
		{4FB14083-D2FA-4BB7-BF3A-5619E845E604}.Debug|Any CPU.Build.0 = Debug|Any CPU
		{4FB14083-D2FA-4BB7-BF3A-5619E845E604}.Debug|Mixed Platforms.ActiveCfg = Debug|Any CPU
		{4FB14083-D2FA-4BB7-BF3A-5619E845E604}.Debug|Mixed Platforms.Build.0 = Debug|Any CPU
		{4FB14083-D2FA-4BB7-BF3A-5619E845E604}.Debug|x86.ActiveCfg = Debug|Any CPU
		{4FB14083-D2FA-4BB7-BF3A-5619E845E604}.Debug|x86.Build.0 = Debug|Any CPU
		{4FB14083-D2FA-4BB7-BF3A-5619E845E604}.Release|Any CPU.ActiveCfg = Release|Any CPU
		{4FB14083-D2FA-4BB7-BF3A-5619E845E604}.Release|Any CPU.Build.0 = Release|Any CPU
		{4FB14083-D2FA-4BB7-BF3A-5619E845E604}.Release|Mixed Platforms.ActiveCfg = Release|Any CPU
		{4FB14083-D2FA-4BB7-BF3A-5619E845E604}.Release|Mixed Platforms.Build.0 = Release|Any CPU
		{4FB14083-D2FA-4BB7-BF3A-5619E845E604}.Release|x86.ActiveCfg = Release|Any CPU
		{EF390C43-257A-419D-8F7E-22A0D509AC8D}.Debug|Any CPU.ActiveCfg = Debug|Any CPU
		{EF390C43-257A-419D-8F7E-22A0D509AC8D}.Debug|Any CPU.Build.0 = Debug|Any CPU
		{EF390C43-257A-419D-8F7E-22A0D509AC8D}.Debug|Mixed Platforms.ActiveCfg = Debug|Any CPU
		{EF390C43-257A-419D-8F7E-22A0D509AC8D}.Debug|Mixed Platforms.Build.0 = Debug|Any CPU
		{EF390C43-257A-419D-8F7E-22A0D509AC8D}.Debug|x86.ActiveCfg = Debug|Any CPU
		{EF390C43-257A-419D-8F7E-22A0D509AC8D}.Debug|x86.Build.0 = Debug|Any CPU
		{EF390C43-257A-419D-8F7E-22A0D509AC8D}.Release|Any CPU.ActiveCfg = Release|Any CPU
		{EF390C43-257A-419D-8F7E-22A0D509AC8D}.Release|Any CPU.Build.0 = Release|Any CPU
		{EF390C43-257A-419D-8F7E-22A0D509AC8D}.Release|Mixed Platforms.ActiveCfg = Release|Any CPU
		{EF390C43-257A-419D-8F7E-22A0D509AC8D}.Release|Mixed Platforms.Build.0 = Release|Any CPU
		{EF390C43-257A-419D-8F7E-22A0D509AC8D}.Release|x86.ActiveCfg = Release|Any CPU
		{C0B55670-46A8-4F2E-B3AF-276B3206FBD3}.Debug|Any CPU.ActiveCfg = Debug|x86
		{C0B55670-46A8-4F2E-B3AF-276B3206FBD3}.Debug|Any CPU.Build.0 = Debug|x86
		{C0B55670-46A8-4F2E-B3AF-276B3206FBD3}.Debug|Mixed Platforms.ActiveCfg = Debug|x86
		{C0B55670-46A8-4F2E-B3AF-276B3206FBD3}.Debug|Mixed Platforms.Build.0 = Debug|x86
		{C0B55670-46A8-4F2E-B3AF-276B3206FBD3}.Debug|x86.ActiveCfg = Debug|x86
		{C0B55670-46A8-4F2E-B3AF-276B3206FBD3}.Debug|x86.Build.0 = Debug|x86
		{C0B55670-46A8-4F2E-B3AF-276B3206FBD3}.Release|Any CPU.ActiveCfg = Release|x86
		{C0B55670-46A8-4F2E-B3AF-276B3206FBD3}.Release|Mixed Platforms.ActiveCfg = Release|x86
		{C0B55670-46A8-4F2E-B3AF-276B3206FBD3}.Release|Mixed Platforms.Build.0 = Release|x86
		{C0B55670-46A8-4F2E-B3AF-276B3206FBD3}.Release|x86.ActiveCfg = Release|x86
		{C0B55670-46A8-4F2E-B3AF-276B3206FBD3}.Release|x86.Build.0 = Release|x86
		{B11C595C-01FE-4714-93F9-4C43E48BCF9A}.Debug|Any CPU.ActiveCfg = Debug|Any CPU
		{B11C595C-01FE-4714-93F9-4C43E48BCF9A}.Debug|Any CPU.Build.0 = Debug|Any CPU
		{B11C595C-01FE-4714-93F9-4C43E48BCF9A}.Debug|Mixed Platforms.ActiveCfg = Debug|Any CPU
		{B11C595C-01FE-4714-93F9-4C43E48BCF9A}.Debug|Mixed Platforms.Build.0 = Debug|Any CPU
		{B11C595C-01FE-4714-93F9-4C43E48BCF9A}.Debug|x86.ActiveCfg = Debug|Any CPU
		{B11C595C-01FE-4714-93F9-4C43E48BCF9A}.Debug|x86.Build.0 = Debug|Any CPU
		{B11C595C-01FE-4714-93F9-4C43E48BCF9A}.Release|Any CPU.ActiveCfg = Release|Any CPU
		{B11C595C-01FE-4714-93F9-4C43E48BCF9A}.Release|Any CPU.Build.0 = Release|Any CPU
		{B11C595C-01FE-4714-93F9-4C43E48BCF9A}.Release|Mixed Platforms.ActiveCfg = Release|Any CPU
		{B11C595C-01FE-4714-93F9-4C43E48BCF9A}.Release|Mixed Platforms.Build.0 = Release|Any CPU
		{B11C595C-01FE-4714-93F9-4C43E48BCF9A}.Release|x86.ActiveCfg = Release|Any CPU
		{34D512B5-AA7D-43D9-A030-BE2F95CE1C6B}.Debug|Any CPU.ActiveCfg = Debug|Any CPU
		{34D512B5-AA7D-43D9-A030-BE2F95CE1C6B}.Debug|Any CPU.Build.0 = Debug|Any CPU
		{34D512B5-AA7D-43D9-A030-BE2F95CE1C6B}.Debug|Mixed Platforms.ActiveCfg = Debug|Any CPU
		{34D512B5-AA7D-43D9-A030-BE2F95CE1C6B}.Debug|Mixed Platforms.Build.0 = Debug|Any CPU
		{34D512B5-AA7D-43D9-A030-BE2F95CE1C6B}.Debug|x86.ActiveCfg = Debug|Any CPU
		{34D512B5-AA7D-43D9-A030-BE2F95CE1C6B}.Debug|x86.Build.0 = Debug|Any CPU
		{34D512B5-AA7D-43D9-A030-BE2F95CE1C6B}.Release|Any CPU.ActiveCfg = Release|Any CPU
		{34D512B5-AA7D-43D9-A030-BE2F95CE1C6B}.Release|Any CPU.Build.0 = Release|Any CPU
		{34D512B5-AA7D-43D9-A030-BE2F95CE1C6B}.Release|Mixed Platforms.ActiveCfg = Release|Any CPU
		{34D512B5-AA7D-43D9-A030-BE2F95CE1C6B}.Release|Mixed Platforms.Build.0 = Release|Any CPU
		{34D512B5-AA7D-43D9-A030-BE2F95CE1C6B}.Release|x86.ActiveCfg = Release|Any CPU
		{33CC215E-558C-4A4B-9393-F79C7B59FEBD}.Debug|Any CPU.ActiveCfg = Debug|Any CPU
		{33CC215E-558C-4A4B-9393-F79C7B59FEBD}.Debug|Any CPU.Build.0 = Debug|Any CPU
		{33CC215E-558C-4A4B-9393-F79C7B59FEBD}.Debug|Mixed Platforms.ActiveCfg = Debug|Any CPU
		{33CC215E-558C-4A4B-9393-F79C7B59FEBD}.Debug|Mixed Platforms.Build.0 = Debug|Any CPU
		{33CC215E-558C-4A4B-9393-F79C7B59FEBD}.Debug|x86.ActiveCfg = Debug|Any CPU
		{33CC215E-558C-4A4B-9393-F79C7B59FEBD}.Debug|x86.Build.0 = Debug|Any CPU
		{33CC215E-558C-4A4B-9393-F79C7B59FEBD}.Release|Any CPU.ActiveCfg = Release|Any CPU
		{33CC215E-558C-4A4B-9393-F79C7B59FEBD}.Release|Any CPU.Build.0 = Release|Any CPU
		{33CC215E-558C-4A4B-9393-F79C7B59FEBD}.Release|Mixed Platforms.ActiveCfg = Release|Any CPU
		{33CC215E-558C-4A4B-9393-F79C7B59FEBD}.Release|Mixed Platforms.Build.0 = Release|Any CPU
		{33CC215E-558C-4A4B-9393-F79C7B59FEBD}.Release|x86.ActiveCfg = Release|Any CPU
		{22AAE6BA-2C1F-4C3E-9BAA-EB06D50E50F1}.Debug|Any CPU.ActiveCfg = Debug|Any CPU
		{22AAE6BA-2C1F-4C3E-9BAA-EB06D50E50F1}.Debug|Any CPU.Build.0 = Debug|Any CPU
		{22AAE6BA-2C1F-4C3E-9BAA-EB06D50E50F1}.Debug|Mixed Platforms.ActiveCfg = Debug|Any CPU
		{22AAE6BA-2C1F-4C3E-9BAA-EB06D50E50F1}.Debug|Mixed Platforms.Build.0 = Debug|Any CPU
		{22AAE6BA-2C1F-4C3E-9BAA-EB06D50E50F1}.Debug|x86.ActiveCfg = Debug|Any CPU
		{22AAE6BA-2C1F-4C3E-9BAA-EB06D50E50F1}.Debug|x86.Build.0 = Debug|Any CPU
		{22AAE6BA-2C1F-4C3E-9BAA-EB06D50E50F1}.Release|Any CPU.ActiveCfg = Release|Any CPU
		{22AAE6BA-2C1F-4C3E-9BAA-EB06D50E50F1}.Release|Any CPU.Build.0 = Release|Any CPU
		{22AAE6BA-2C1F-4C3E-9BAA-EB06D50E50F1}.Release|Mixed Platforms.ActiveCfg = Release|Any CPU
		{22AAE6BA-2C1F-4C3E-9BAA-EB06D50E50F1}.Release|Mixed Platforms.Build.0 = Release|Any CPU
		{22AAE6BA-2C1F-4C3E-9BAA-EB06D50E50F1}.Release|x86.ActiveCfg = Release|Any CPU
		{68E07790-6630-4211-8DE3-59353C884BBF}.Debug|Any CPU.ActiveCfg = Debug|Any CPU
		{68E07790-6630-4211-8DE3-59353C884BBF}.Debug|Any CPU.Build.0 = Debug|Any CPU
		{68E07790-6630-4211-8DE3-59353C884BBF}.Debug|Mixed Platforms.ActiveCfg = Debug|Any CPU
		{68E07790-6630-4211-8DE3-59353C884BBF}.Debug|Mixed Platforms.Build.0 = Debug|Any CPU
		{68E07790-6630-4211-8DE3-59353C884BBF}.Debug|x86.ActiveCfg = Debug|Any CPU
		{68E07790-6630-4211-8DE3-59353C884BBF}.Debug|x86.Build.0 = Debug|Any CPU
		{68E07790-6630-4211-8DE3-59353C884BBF}.Release|Any CPU.ActiveCfg = Release|Any CPU
		{68E07790-6630-4211-8DE3-59353C884BBF}.Release|Any CPU.Build.0 = Release|Any CPU
		{68E07790-6630-4211-8DE3-59353C884BBF}.Release|Mixed Platforms.ActiveCfg = Release|Any CPU
		{68E07790-6630-4211-8DE3-59353C884BBF}.Release|Mixed Platforms.Build.0 = Release|Any CPU
		{68E07790-6630-4211-8DE3-59353C884BBF}.Release|x86.ActiveCfg = Release|Any CPU
		{13484AD1-C05B-46D1-B5F9-71C7B3B741AA}.Debug|Any CPU.ActiveCfg = Debug|Any CPU
		{13484AD1-C05B-46D1-B5F9-71C7B3B741AA}.Debug|Any CPU.Build.0 = Debug|Any CPU
		{13484AD1-C05B-46D1-B5F9-71C7B3B741AA}.Debug|Mixed Platforms.ActiveCfg = Debug|Any CPU
		{13484AD1-C05B-46D1-B5F9-71C7B3B741AA}.Debug|Mixed Platforms.Build.0 = Debug|Any CPU
		{13484AD1-C05B-46D1-B5F9-71C7B3B741AA}.Debug|x86.ActiveCfg = Debug|Any CPU
		{13484AD1-C05B-46D1-B5F9-71C7B3B741AA}.Debug|x86.Build.0 = Debug|Any CPU
		{13484AD1-C05B-46D1-B5F9-71C7B3B741AA}.Release|Any CPU.ActiveCfg = Release|Any CPU
		{13484AD1-C05B-46D1-B5F9-71C7B3B741AA}.Release|Any CPU.Build.0 = Release|Any CPU
		{13484AD1-C05B-46D1-B5F9-71C7B3B741AA}.Release|Mixed Platforms.ActiveCfg = Release|Any CPU
		{13484AD1-C05B-46D1-B5F9-71C7B3B741AA}.Release|Mixed Platforms.Build.0 = Release|Any CPU
		{13484AD1-C05B-46D1-B5F9-71C7B3B741AA}.Release|x86.ActiveCfg = Release|Any CPU
		{AB92B616-A587-4046-B567-FF86299033E4}.Debug|Any CPU.ActiveCfg = Debug|Any CPU
		{AB92B616-A587-4046-B567-FF86299033E4}.Debug|Any CPU.Build.0 = Debug|Any CPU
		{AB92B616-A587-4046-B567-FF86299033E4}.Debug|Mixed Platforms.ActiveCfg = Debug|Any CPU
		{AB92B616-A587-4046-B567-FF86299033E4}.Debug|Mixed Platforms.Build.0 = Debug|Any CPU
		{AB92B616-A587-4046-B567-FF86299033E4}.Debug|x86.ActiveCfg = Debug|Any CPU
		{AB92B616-A587-4046-B567-FF86299033E4}.Debug|x86.Build.0 = Debug|Any CPU
		{AB92B616-A587-4046-B567-FF86299033E4}.Release|Any CPU.ActiveCfg = Release|Any CPU
		{AB92B616-A587-4046-B567-FF86299033E4}.Release|Any CPU.Build.0 = Release|Any CPU
		{AB92B616-A587-4046-B567-FF86299033E4}.Release|Mixed Platforms.ActiveCfg = Release|Any CPU
		{AB92B616-A587-4046-B567-FF86299033E4}.Release|Mixed Platforms.Build.0 = Release|Any CPU
		{AB92B616-A587-4046-B567-FF86299033E4}.Release|x86.ActiveCfg = Release|Any CPU
		{5614188D-4F7F-4C0D-B39B-CB2427135355}.Debug|Any CPU.ActiveCfg = Debug
		{5614188D-4F7F-4C0D-B39B-CB2427135355}.Debug|Any CPU.Build.0 = Debug
		{5614188D-4F7F-4C0D-B39B-CB2427135355}.Debug|Mixed Platforms.ActiveCfg = Debug
		{5614188D-4F7F-4C0D-B39B-CB2427135355}.Debug|Mixed Platforms.Build.0 = Debug
		{5614188D-4F7F-4C0D-B39B-CB2427135355}.Debug|x86.ActiveCfg = Debug
		{5614188D-4F7F-4C0D-B39B-CB2427135355}.Debug|x86.Build.0 = Debug
		{5614188D-4F7F-4C0D-B39B-CB2427135355}.Release|Any CPU.ActiveCfg = Release
		{5614188D-4F7F-4C0D-B39B-CB2427135355}.Release|Any CPU.Build.0 = Release
		{5614188D-4F7F-4C0D-B39B-CB2427135355}.Release|Mixed Platforms.ActiveCfg = Release
		{5614188D-4F7F-4C0D-B39B-CB2427135355}.Release|Mixed Platforms.Build.0 = Release
		{5614188D-4F7F-4C0D-B39B-CB2427135355}.Release|x86.ActiveCfg = Release
		{5614188D-4F7F-4C0D-B39B-CB2427135355}.Release|x86.Build.0 = Release
	EndGlobalSection
	GlobalSection(SolutionProperties) = preSolution
		HideSolutionNode = FALSE
	EndGlobalSection
	GlobalSection(NestedProjects) = preSolution
		{0ED4F60C-B2E0-4913-A20B-1638526C7A58} = {E61278D0-A5BD-4984-BF91-537F5DDCE2A0}
		{A341BA79-C3F9-492C-9B8B-ABC74B251749} = {C5D52B27-1ADF-423D-8C81-5BE1EF1BE2F2}
		{904829E3-054C-4CAD-BB8B-A7E2A11F4FEA} = {A341BA79-C3F9-492C-9B8B-ABC74B251749}
		{38BDB159-C96D-4DDD-837B-B5F687C95258} = {CFB4510E-8B95-4BD5-88A4-2D4AF2FE0080}
		{2E7FDAD3-0F16-4B4B-BE92-C27D4B4749D1} = {CFB4510E-8B95-4BD5-88A4-2D4AF2FE0080}
		{C0B55670-46A8-4F2E-B3AF-276B3206FBD3} = {CFB4510E-8B95-4BD5-88A4-2D4AF2FE0080}
		{13484AD1-C05B-46D1-B5F9-71C7B3B741AA} = {CFB4510E-8B95-4BD5-88A4-2D4AF2FE0080}
		{7C985187-5E88-4A11-8BE9-3483088D73BB} = {295D2F41-BA38-4240-B7A4-76567897F753}
		{DB4DFFEC-5E47-461A-9639-5E1FF46F293A} = {63635BE3-D982-4B38-B132-5F985E248345}
		{33284C37-4804-46A7-B9FA-D0801F3F3AF9} = {63635BE3-D982-4B38-B132-5F985E248345}
		{B332AC4C-B53D-4D1F-810B-B2C4586B3A5D} = {63635BE3-D982-4B38-B132-5F985E248345}
		{78FC7E4D-E454-46DD-A31E-A372B200F4D8} = {63635BE3-D982-4B38-B132-5F985E248345}
		{8E48D533-B21A-403E-A73F-295D4342C126} = {63635BE3-D982-4B38-B132-5F985E248345}
		{B9626AAF-E920-4E4A-ABD0-0D0C634DBA9B} = {63635BE3-D982-4B38-B132-5F985E248345}
		{E210A071-B964-4A52-B8CC-98AD6D4C1C2A} = {63635BE3-D982-4B38-B132-5F985E248345}
		{4FB14083-D2FA-4BB7-BF3A-5619E845E604} = {63635BE3-D982-4B38-B132-5F985E248345}
		{EF390C43-257A-419D-8F7E-22A0D509AC8D} = {63635BE3-D982-4B38-B132-5F985E248345}
		{B11C595C-01FE-4714-93F9-4C43E48BCF9A} = {63635BE3-D982-4B38-B132-5F985E248345}
		{34D512B5-AA7D-43D9-A030-BE2F95CE1C6B} = {63635BE3-D982-4B38-B132-5F985E248345}
		{33CC215E-558C-4A4B-9393-F79C7B59FEBD} = {63635BE3-D982-4B38-B132-5F985E248345}
		{22AAE6BA-2C1F-4C3E-9BAA-EB06D50E50F1} = {63635BE3-D982-4B38-B132-5F985E248345}
		{68E07790-6630-4211-8DE3-59353C884BBF} = {63635BE3-D982-4B38-B132-5F985E248345}
		{AB92B616-A587-4046-B567-FF86299033E4} = {63635BE3-D982-4B38-B132-5F985E248345}
		{CB6AC819-0904-45AE-AB40-8CA397974932} = {84683300-AA03-4C31-8D5A-49A0AC6A1E0A}
		{E82075F7-4BA4-4B73-A9AA-5ACF80FFCD98} = {1FA17CAE-009B-41F9-9837-14C136035559}
	EndGlobalSection
	GlobalSection(SubversionScc) = preSolution
		Svn-Managed = True
		Manager = AnkhSVN - Subversion Support for Visual Studio
	EndGlobalSection
EndGlobal
